
Microsoft Visual Studio Solution File, Format Version 12.00
# Visual Studio Version 17
VisualStudioVersion = 17.7.34031.279
MinimumVisualStudioVersion = 10.0.40219.1
Project("{FAE04EC0-301F-11D3-BF4B-00C04F79EFBC}") = "WebAuto", "WebAuto\WebAuto.csproj", "{B5118573-A207-4840-8A22-988C53DC1C5F}"
EndProject
Global
	GlobalSection(SolutionConfigurationPlatforms) = preSolution
		Debug|Any CPU = Debug|Any CPU
		Release|Any CPU = Release|Any CPU
	EndGlobalSection
	GlobalSection(ProjectConfigurationPlatforms) = postSolution
		{B5118573-A207-4840-8A22-988C53DC1C5F}.Debug|Any CPU.ActiveCfg = Debug|Any CPU
		{B5118573-A207-4840-8A22-988C53DC1C5F}.Debug|Any CPU.Build.0 = Debug|Any CPU
		{B5118573-A207-4840-8A22-988C53DC1C5F}.Release|Any CPU.ActiveCfg = Release|Any CPU
		{B5118573-A207-4840-8A22-988C53DC1C5F}.Release|Any CPU.Build.0 = Release|Any CPU
	EndGlobalSection
	GlobalSection(SolutionProperties) = preSolution
		HideSolutionNode = FALSE
	EndGlobalSection
	GlobalSection(ExtensibilityGlobals) = postSolution
		SolutionGuid = {401ED929-D437-4A5A-95F0-A71DDF89059F}
	EndGlobalSection
EndGlobal
